
Microsoft Visual Studio Solution File, Format Version 12.00
# Visual Studio Version 17
VisualStudioVersion = 17.0.31903.59
MinimumVisualStudioVersion = 10.0.40219.1
Project("{FAE04EC0-301F-11D3-BF4B-00C04F79EFBC}") = "AntlrCSharp", "AntlrCSharp\\AntlrCSharp.csproj", "{4E0B3601-66C5-4AA6-837D-B08BB4B8BF0C}"
EndProject
Project("{FAE04EC0-301F-11D3-BF4B-00C04F79EFBC}") = "AntlrCSharpTests", "AntlrCSharpTests\\AntlrCSharpTests.csproj", "{D1602016-36A0-493B-A681-3A9B156C5748}"
EndProject
Global
	GlobalSection(SolutionConfigurationPlatforms) = preSolution
		Debug|Any CPU = Debug|Any CPU
		Release|Any CPU = Release|Any CPU
	EndGlobalSection
	GlobalSection(SolutionProperties) = preSolution
		HideSolutionNode = FALSE
	EndGlobalSection
	GlobalSection(ProjectConfigurationPlatforms) = postSolution
		{4E0B3601-66C5-4AA6-837D-B08BB4B8BF0C}.Debug|Any CPU.ActiveCfg = Debug|Any CPU
		{4E0B3601-66C5-4AA6-837D-B08BB4B8BF0C}.Debug|Any CPU.Build.0 = Debug|Any CPU
		{4E0B3601-66C5-4AA6-837D-B08BB4B8BF0C}.Release|Any CPU.ActiveCfg = Release|Any CPU
		{4E0B3601-66C5-4AA6-837D-B08BB4B8BF0C}.Release|Any CPU.Build.0 = Release|Any CPU
		{D1602016-36A0-493B-A681-3A9B156C5748}.Debug|Any CPU.ActiveCfg = Debug|Any CPU
		{D1602016-36A0-493B-A681-3A9B156C5748}.Debug|Any CPU.Build.0 = Debug|Any CPU
		{D1602016-36A0-493B-A681-3A9B156C5748}.Release|Any CPU.ActiveCfg = Release|Any CPU
		{D1602016-36A0-493B-A681-3A9B156C5748}.Release|Any CPU.Build.0 = Release|Any CPU
	EndGlobalSection
EndGlobal
